
Microsoft Visual Studio Solution File, Format Version 10.00
# Visual Studio 2008
Project("{8BC9CEB8-8B4A-11D0-8D11-00A0C91BC942}") = "ehomeclient", "ehomeclient.vcproj", "{263FA789-4968-4620-8A72-5762A478CA7D}"
EndProject
Project("{8BC9CEB8-8B4A-11D0-8D11-00A0C91BC942}") = "ehomeserver", "..\ehomeserver\ehomeserver.vcproj", "{19C11DCB-2938-429F-8843-841C0CC3BC81}"
EndProject
Project("{8BC9CEB8-8B4A-11D0-8D11-00A0C91BC942}") = "getLocalIpTest", "..\test\getLocalIpTest\getLocalIpTest.vcproj", "{6BC4C03E-C4A7-4699-9B33-8D7910F62E5E}"
EndProject
Project("{8BC9CEB8-8B4A-11D0-8D11-00A0C91BC942}") = "testCJson", "..\test\testCJson\testCJson.vcproj", "{96BCF37E-9A19-47CC-8F4F-6508373D7064}"
EndProject
Global
	GlobalSection(SolutionConfigurationPlatforms) = preSolution
		Debug|Win32 = Debug|Win32
		Release|Win32 = Release|Win32
	EndGlobalSection
	GlobalSection(ProjectConfigurationPlatforms) = postSolution
		{263FA789-4968-4620-8A72-5762A478CA7D}.Debug|Win32.ActiveCfg = Debug|Win32
		{263FA789-4968-4620-8A72-5762A478CA7D}.Debug|Win32.Build.0 = Debug|Win32
		{263FA789-4968-4620-8A72-5762A478CA7D}.Release|Win32.ActiveCfg = Release|Win32
		{263FA789-4968-4620-8A72-5762A478CA7D}.Release|Win32.Build.0 = Release|Win32
		{19C11DCB-2938-429F-8843-841C0CC3BC81}.Debug|Win32.ActiveCfg = Debug|Win32
		{19C11DCB-2938-429F-8843-841C0CC3BC81}.Debug|Win32.Build.0 = Debug|Win32
		{19C11DCB-2938-429F-8843-841C0CC3BC81}.Release|Win32.ActiveCfg = Release|Win32
		{19C11DCB-2938-429F-8843-841C0CC3BC81}.Release|Win32.Build.0 = Release|Win32
		{6BC4C03E-C4A7-4699-9B33-8D7910F62E5E}.Debug|Win32.ActiveCfg = Debug|Win32
		{6BC4C03E-C4A7-4699-9B33-8D7910F62E5E}.Debug|Win32.Build.0 = Debug|Win32
		{6BC4C03E-C4A7-4699-9B33-8D7910F62E5E}.Release|Win32.ActiveCfg = Release|Win32
		{6BC4C03E-C4A7-4699-9B33-8D7910F62E5E}.Release|Win32.Build.0 = Release|Win32
		{96BCF37E-9A19-47CC-8F4F-6508373D7064}.Debug|Win32.ActiveCfg = Debug|Win32
		{96BCF37E-9A19-47CC-8F4F-6508373D7064}.Debug|Win32.Build.0 = Debug|Win32
		{96BCF37E-9A19-47CC-8F4F-6508373D7064}.Release|Win32.ActiveCfg = Release|Win32
		{96BCF37E-9A19-47CC-8F4F-6508373D7064}.Release|Win32.Build.0 = Release|Win32
	EndGlobalSection
	GlobalSection(SolutionProperties) = preSolution
		HideSolutionNode = FALSE
	EndGlobalSection
EndGlobal
